// !$*UTF8*$!
{
	archiveVersion = 1;
	classes = {
	};
	objectVersion = 56;
	objects = {

/* Begin PBXBuildFile section */
		00300C362A670F2F00B32911 /* CustomAnnotation.swift in Sources */ = {isa = PBXBuildFile; fileRef = 00300C352A670F2F00B32911 /* CustomAnnotation.swift */; };
		00310FDB2A69450200F5C81D /* JoinedEventsViewController.swift in Sources */ = {isa = PBXBuildFile; fileRef = 00310FDA2A69450200F5C81D /* JoinedEventsViewController.swift */; };
		0055A2C02A5EE4FD00153C03 /* MainViewModel.swift in Sources */ = {isa = PBXBuildFile; fileRef = 0055A2BF2A5EE4FD00153C03 /* MainViewModel.swift */; };
		0055A2C32A5EE60200153C03 /* Event.swift in Sources */ = {isa = PBXBuildFile; fileRef = 0055A2C22A5EE60200153C03 /* Event.swift */; };
		005643052A60639C001B0265 /* GoogleService-Info.plist in Resources */ = {isa = PBXBuildFile; fileRef = 005643042A60639C001B0265 /* GoogleService-Info.plist */; };
		005643082A606488001B0265 /* FirebaseHelper.swift in Sources */ = {isa = PBXBuildFile; fileRef = 005643072A606488001B0265 /* FirebaseHelper.swift */; };
		0056430A2A6068CB001B0265 /* User.swift in Sources */ = {isa = PBXBuildFile; fileRef = 005643092A6068CB001B0265 /* User.swift */; };
		0056430D2A606EF3001B0265 /* NewEventViewController.swift in Sources */ = {isa = PBXBuildFile; fileRef = 0056430C2A606EF3001B0265 /* NewEventViewController.swift */; };
		00C969002A5EB2E5000237F1 /* AppDelegate.swift in Sources */ = {isa = PBXBuildFile; fileRef = 00C968FF2A5EB2E5000237F1 /* AppDelegate.swift */; };
		00C969022A5EB2E5000237F1 /* SceneDelegate.swift in Sources */ = {isa = PBXBuildFile; fileRef = 00C969012A5EB2E5000237F1 /* SceneDelegate.swift */; };
		00C969092A5EB2E6000237F1 /* Assets.xcassets in Resources */ = {isa = PBXBuildFile; fileRef = 00C969082A5EB2E6000237F1 /* Assets.xcassets */; };
		00C9690C2A5EB2E6000237F1 /* LaunchScreen.storyboard in Resources */ = {isa = PBXBuildFile; fileRef = 00C9690A2A5EB2E6000237F1 /* LaunchScreen.storyboard */; };
		00C969152A5EB3F1000237F1 /* MapViewController.swift in Sources */ = {isa = PBXBuildFile; fileRef = 00C969142A5EB3F1000237F1 /* MapViewController.swift */; };
		00C969182A5EB70C000237F1 /* MainViewController.swift in Sources */ = {isa = PBXBuildFile; fileRef = 00C969172A5EB70C000237F1 /* MainViewController.swift */; };
		00C9691C2A5EB7CE000237F1 /* EventsListViewController.swift in Sources */ = {isa = PBXBuildFile; fileRef = 00C9691B2A5EB7CE000237F1 /* EventsListViewController.swift */; };
		00C9691E2A5EB7F7000237F1 /* ProfileViewController.swift in Sources */ = {isa = PBXBuildFile; fileRef = 00C9691D2A5EB7F7000237F1 /* ProfileViewController.swift */; };
		00E1D5F72A619EC4001722A9 /* AuthViewController.swift in Sources */ = {isa = PBXBuildFile; fileRef = 00E1D5F62A619EC4001722A9 /* AuthViewController.swift */; };
		00E1D5F92A61A813001722A9 /* SignUpView.swift in Sources */ = {isa = PBXBuildFile; fileRef = 00E1D5F82A61A813001722A9 /* SignUpView.swift */; };
		00E1D5FB2A61A973001722A9 /* SignInView.swift in Sources */ = {isa = PBXBuildFile; fileRef = 00E1D5FA2A61A973001722A9 /* SignInView.swift */; };
		00FBE8022A6A8F800017DBE4 /* SharedData.swift in Sources */ = {isa = PBXBuildFile; fileRef = 00FBE8012A6A8F800017DBE4 /* SharedData.swift */; };
		B309B35F78A91811597B4CD8 /* Pods_Sueta.framework in Frameworks */ = {isa = PBXBuildFile; fileRef = C360CC36832B14631911331F /* Pods_Sueta.framework */; };
		C3E771A42A607482002A17C9 /* EventListTableController.swift in Sources */ = {isa = PBXBuildFile; fileRef = C3E771A12A607481002A17C9 /* EventListTableController.swift */; };
		C3E771A52A607482002A17C9 /* EventCell.swift in Sources */ = {isa = PBXBuildFile; fileRef = C3E771A22A607482002A17C9 /* EventCell.swift */; };
		C3E771A92A60853E002A17C9 /* UIView+Anchor.swift in Sources */ = {isa = PBXBuildFile; fileRef = C3E771A82A60853E002A17C9 /* UIView+Anchor.swift */; };
		C3E771AD2A61AB52002A17C9 /* SingleEventViewController.swift in Sources */ = {isa = PBXBuildFile; fileRef = C3E771AC2A61AB52002A17C9 /* SingleEventViewController.swift */; };
/* End PBXBuildFile section */

/* Begin PBXFileReference section */
		00300C352A670F2F00B32911 /* CustomAnnotation.swift */ = {isa = PBXFileReference; lastKnownFileType = sourcecode.swift; path = CustomAnnotation.swift; sourceTree = "<group>"; };
		00310FDA2A69450200F5C81D /* JoinedEventsViewController.swift */ = {isa = PBXFileReference; lastKnownFileType = sourcecode.swift; path = JoinedEventsViewController.swift; sourceTree = "<group>"; };
		0055A2BF2A5EE4FD00153C03 /* MainViewModel.swift */ = {isa = PBXFileReference; lastKnownFileType = sourcecode.swift; path = MainViewModel.swift; sourceTree = "<group>"; };
		0055A2C22A5EE60200153C03 /* Event.swift */ = {isa = PBXFileReference; lastKnownFileType = sourcecode.swift; path = Event.swift; sourceTree = "<group>"; };
		005643042A60639C001B0265 /* GoogleService-Info.plist */ = {isa = PBXFileReference; fileEncoding = 4; lastKnownFileType = text.plist.xml; path = "GoogleService-Info.plist"; sourceTree = "<group>"; };
		005643072A606488001B0265 /* FirebaseHelper.swift */ = {isa = PBXFileReference; lastKnownFileType = sourcecode.swift; path = FirebaseHelper.swift; sourceTree = "<group>"; };
		005643092A6068CB001B0265 /* User.swift */ = {isa = PBXFileReference; lastKnownFileType = sourcecode.swift; path = User.swift; sourceTree = "<group>"; };
		0056430C2A606EF3001B0265 /* NewEventViewController.swift */ = {isa = PBXFileReference; lastKnownFileType = sourcecode.swift; path = NewEventViewController.swift; sourceTree = "<group>"; };
		00C968FC2A5EB2E5000237F1 /* Sueta.app */ = {isa = PBXFileReference; explicitFileType = wrapper.application; includeInIndex = 0; path = Sueta.app; sourceTree = BUILT_PRODUCTS_DIR; };
		00C968FF2A5EB2E5000237F1 /* AppDelegate.swift */ = {isa = PBXFileReference; lastKnownFileType = sourcecode.swift; path = AppDelegate.swift; sourceTree = "<group>"; };
		00C969012A5EB2E5000237F1 /* SceneDelegate.swift */ = {isa = PBXFileReference; lastKnownFileType = sourcecode.swift; path = SceneDelegate.swift; sourceTree = "<group>"; };
		00C969082A5EB2E6000237F1 /* Assets.xcassets */ = {isa = PBXFileReference; lastKnownFileType = folder.assetcatalog; path = Assets.xcassets; sourceTree = "<group>"; };
		00C9690B2A5EB2E6000237F1 /* Base */ = {isa = PBXFileReference; lastKnownFileType = file.storyboard; name = Base; path = Base.lproj/LaunchScreen.storyboard; sourceTree = "<group>"; };
		00C9690D2A5EB2E6000237F1 /* Info.plist */ = {isa = PBXFileReference; lastKnownFileType = text.plist.xml; path = Info.plist; sourceTree = "<group>"; };
		00C969142A5EB3F1000237F1 /* MapViewController.swift */ = {isa = PBXFileReference; lastKnownFileType = sourcecode.swift; path = MapViewController.swift; sourceTree = "<group>"; };
		00C969172A5EB70C000237F1 /* MainViewController.swift */ = {isa = PBXFileReference; lastKnownFileType = sourcecode.swift; path = MainViewController.swift; sourceTree = "<group>"; };
		00C9691B2A5EB7CE000237F1 /* EventsListViewController.swift */ = {isa = PBXFileReference; lastKnownFileType = sourcecode.swift; path = EventsListViewController.swift; sourceTree = "<group>"; };
		00C9691D2A5EB7F7000237F1 /* ProfileViewController.swift */ = {isa = PBXFileReference; lastKnownFileType = sourcecode.swift; path = ProfileViewController.swift; sourceTree = "<group>"; };
		00E1D5F62A619EC4001722A9 /* AuthViewController.swift */ = {isa = PBXFileReference; lastKnownFileType = sourcecode.swift; path = AuthViewController.swift; sourceTree = "<group>"; };
		00E1D5F82A61A813001722A9 /* SignUpView.swift */ = {isa = PBXFileReference; lastKnownFileType = sourcecode.swift; path = SignUpView.swift; sourceTree = "<group>"; };
		00E1D5FA2A61A973001722A9 /* SignInView.swift */ = {isa = PBXFileReference; lastKnownFileType = sourcecode.swift; path = SignInView.swift; sourceTree = "<group>"; };
		00FBE8012A6A8F800017DBE4 /* SharedData.swift */ = {isa = PBXFileReference; lastKnownFileType = sourcecode.swift; path = SharedData.swift; sourceTree = "<group>"; };
		76B0FE0FCCF903AD67AF51B5 /* Pods-Sueta.release.xcconfig */ = {isa = PBXFileReference; includeInIndex = 1; lastKnownFileType = text.xcconfig; name = "Pods-Sueta.release.xcconfig"; path = "Target Support Files/Pods-Sueta/Pods-Sueta.release.xcconfig"; sourceTree = "<group>"; };
		C360CC36832B14631911331F /* Pods_Sueta.framework */ = {isa = PBXFileReference; explicitFileType = wrapper.framework; includeInIndex = 0; path = Pods_Sueta.framework; sourceTree = BUILT_PRODUCTS_DIR; };
		C372DEF583BA0D6B393CD6F0 /* Pods-Sueta.debug.xcconfig */ = {isa = PBXFileReference; includeInIndex = 1; lastKnownFileType = text.xcconfig; name = "Pods-Sueta.debug.xcconfig"; path = "Target Support Files/Pods-Sueta/Pods-Sueta.debug.xcconfig"; sourceTree = "<group>"; };
		C3E771A12A607481002A17C9 /* EventListTableController.swift */ = {isa = PBXFileReference; fileEncoding = 4; lastKnownFileType = sourcecode.swift; path = EventListTableController.swift; sourceTree = "<group>"; };
		C3E771A22A607482002A17C9 /* EventCell.swift */ = {isa = PBXFileReference; fileEncoding = 4; lastKnownFileType = sourcecode.swift; path = EventCell.swift; sourceTree = "<group>"; };
		C3E771A82A60853E002A17C9 /* UIView+Anchor.swift */ = {isa = PBXFileReference; lastKnownFileType = sourcecode.swift; path = "UIView+Anchor.swift"; sourceTree = "<group>"; };
		C3E771AC2A61AB52002A17C9 /* SingleEventViewController.swift */ = {isa = PBXFileReference; lastKnownFileType = sourcecode.swift; path = SingleEventViewController.swift; sourceTree = "<group>"; };
/* End PBXFileReference section */

/* Begin PBXFrameworksBuildPhase section */
		00C968F92A5EB2E5000237F1 /* Frameworks */ = {
			isa = PBXFrameworksBuildPhase;
			buildActionMask = 2147483647;
			files = (
				B309B35F78A91811597B4CD8 /* Pods_Sueta.framework in Frameworks */,
			);
			runOnlyForDeploymentPostprocessing = 0;
		};
/* End PBXFrameworksBuildPhase section */

/* Begin PBXGroup section */
		00310FD92A6944D300F5C81D /* JoinedEventsView */ = {
			isa = PBXGroup;
			children = (
				00310FDA2A69450200F5C81D /* JoinedEventsViewController.swift */,
			);
			path = JoinedEventsView;
			sourceTree = "<group>";
		};
		0055A2C12A5EE5EB00153C03 /* Models */ = {
			isa = PBXGroup;
			children = (
				0055A2C22A5EE60200153C03 /* Event.swift */,
				005643092A6068CB001B0265 /* User.swift */,
			);
			path = Models;
			sourceTree = "<group>";
		};
		005643062A606473001B0265 /* Service */ = {
			isa = PBXGroup;
			children = (
				005643072A606488001B0265 /* FirebaseHelper.swift */,
				00300C352A670F2F00B32911 /* CustomAnnotation.swift */,
				00FBE8012A6A8F800017DBE4 /* SharedData.swift */,
			);
			path = Service;
			sourceTree = "<group>";
		};
		0056430B2A606EE0001B0265 /* NewEventView */ = {
			isa = PBXGroup;
			children = (
				0056430C2A606EF3001B0265 /* NewEventViewController.swift */,
			);
			path = NewEventView;
			sourceTree = "<group>";
		};
		00C968F32A5EB2E5000237F1 = {
			isa = PBXGroup;
			children = (
				00C968FE2A5EB2E5000237F1 /* Sueta */,
				00C968FD2A5EB2E5000237F1 /* Products */,
				627A132DD4D67515ED1541E1 /* Pods */,
				43659FC005952BCB4DD5CF49 /* Frameworks */,
			);
			sourceTree = "<group>";
		};
		00C968FD2A5EB2E5000237F1 /* Products */ = {
			isa = PBXGroup;
			children = (
				00C968FC2A5EB2E5000237F1 /* Sueta.app */,
			);
			name = Products;
			sourceTree = "<group>";
		};
		00C968FE2A5EB2E5000237F1 /* Sueta */ = {
			isa = PBXGroup;
			children = (
				00310FD92A6944D300F5C81D /* JoinedEventsView */,
				C3E771AB2A61AB1C002A17C9 /* SingleEventView */,
				00E1D5F52A619EAA001722A9 /* AuthView */,
				0056430B2A606EE0001B0265 /* NewEventView */,
				005643062A606473001B0265 /* Service */,
				0055A2C12A5EE5EB00153C03 /* Models */,
				00C9691A2A5EB7B3000237F1 /* EventsListView */,
				00C969192A5EB7A5000237F1 /* ProfileView */,
				00C969162A5EB6F8000237F1 /* MainScreen */,
				00C969132A5EB3D3000237F1 /* MapView */,
				00C968FF2A5EB2E5000237F1 /* AppDelegate.swift */,
				00C969012A5EB2E5000237F1 /* SceneDelegate.swift */,
				00C969082A5EB2E6000237F1 /* Assets.xcassets */,
				00C9690A2A5EB2E6000237F1 /* LaunchScreen.storyboard */,
				00C9690D2A5EB2E6000237F1 /* Info.plist */,
				005643042A60639C001B0265 /* GoogleService-Info.plist */,
			);
			path = Sueta;
			sourceTree = "<group>";
		};
		00C969132A5EB3D3000237F1 /* MapView */ = {
			isa = PBXGroup;
			children = (
				00C969142A5EB3F1000237F1 /* MapViewController.swift */,
			);
			path = MapView;
			sourceTree = "<group>";
		};
		00C969162A5EB6F8000237F1 /* MainScreen */ = {
			isa = PBXGroup;
			children = (
				00C969172A5EB70C000237F1 /* MainViewController.swift */,
				0055A2BF2A5EE4FD00153C03 /* MainViewModel.swift */,
			);
			path = MainScreen;
			sourceTree = "<group>";
		};
		00C969192A5EB7A5000237F1 /* ProfileView */ = {
			isa = PBXGroup;
			children = (
				00C9691D2A5EB7F7000237F1 /* ProfileViewController.swift */,
			);
			path = ProfileView;
			sourceTree = "<group>";
		};
		00C9691A2A5EB7B3000237F1 /* EventsListView */ = {
			isa = PBXGroup;
			children = (
				C3E771A22A607482002A17C9 /* EventCell.swift */,
				C3E771A12A607481002A17C9 /* EventListTableController.swift */,
				00C9691B2A5EB7CE000237F1 /* EventsListViewController.swift */,
				C3E771A82A60853E002A17C9 /* UIView+Anchor.swift */,
			);
			path = EventsListView;
			sourceTree = "<group>";
		};
		00E1D5F52A619EAA001722A9 /* AuthView */ = {
			isa = PBXGroup;
			children = (
				00E1D5F62A619EC4001722A9 /* AuthViewController.swift */,
				00E1D5F82A61A813001722A9 /* SignUpView.swift */,
				00E1D5FA2A61A973001722A9 /* SignInView.swift */,
			);
			path = AuthView;
			sourceTree = "<group>";
		};
		43659FC005952BCB4DD5CF49 /* Frameworks */ = {
			isa = PBXGroup;
			children = (
				C360CC36832B14631911331F /* Pods_Sueta.framework */,
			);
			name = Frameworks;
			sourceTree = "<group>";
		};
		627A132DD4D67515ED1541E1 /* Pods */ = {
			isa = PBXGroup;
			children = (
				C372DEF583BA0D6B393CD6F0 /* Pods-Sueta.debug.xcconfig */,
				76B0FE0FCCF903AD67AF51B5 /* Pods-Sueta.release.xcconfig */,
			);
			path = Pods;
			sourceTree = "<group>";
		};
		C3E771AB2A61AB1C002A17C9 /* SingleEventView */ = {
			isa = PBXGroup;
			children = (
				C3E771AC2A61AB52002A17C9 /* SingleEventViewController.swift */,
			);
			path = SingleEventView;
			sourceTree = "<group>";
		};
/* End PBXGroup section */

/* Begin PBXNativeTarget section */
		00C968FB2A5EB2E5000237F1 /* Sueta */ = {
			isa = PBXNativeTarget;
			buildConfigurationList = 00C969102A5EB2E6000237F1 /* Build configuration list for PBXNativeTarget "Sueta" */;
			buildPhases = (
				70B1776F6194D1A02221E7CE /* [CP] Check Pods Manifest.lock */,
				00C968F82A5EB2E5000237F1 /* Sources */,
				00C968F92A5EB2E5000237F1 /* Frameworks */,
				00C968FA2A5EB2E5000237F1 /* Resources */,
				176985125193B582D9D5B249 /* [CP] Embed Pods Frameworks */,
			);
			buildRules = (
			);
			dependencies = (
			);
			name = Sueta;
			productName = Sueta;
			productReference = 00C968FC2A5EB2E5000237F1 /* Sueta.app */;
			productType = "com.apple.product-type.application";
		};
/* End PBXNativeTarget section */

/* Begin PBXProject section */
		00C968F42A5EB2E5000237F1 /* Project object */ = {
			isa = PBXProject;
			attributes = {
				BuildIndependentTargetsInParallel = 1;
				LastSwiftUpdateCheck = 1430;
				LastUpgradeCheck = 1430;
				TargetAttributes = {
					00C968FB2A5EB2E5000237F1 = {
						CreatedOnToolsVersion = 14.3;
					};
				};
			};
			buildConfigurationList = 00C968F72A5EB2E5000237F1 /* Build configuration list for PBXProject "Sueta" */;
			compatibilityVersion = "Xcode 14.0";
			developmentRegion = en;
			hasScannedForEncodings = 0;
			knownRegions = (
				en,
				Base,
			);
			mainGroup = 00C968F32A5EB2E5000237F1;
			productRefGroup = 00C968FD2A5EB2E5000237F1 /* Products */;
			projectDirPath = "";
			projectRoot = "";
			targets = (
				00C968FB2A5EB2E5000237F1 /* Sueta */,
			);
		};
/* End PBXProject section */

/* Begin PBXResourcesBuildPhase section */
		00C968FA2A5EB2E5000237F1 /* Resources */ = {
			isa = PBXResourcesBuildPhase;
			buildActionMask = 2147483647;
			files = (
				00C9690C2A5EB2E6000237F1 /* LaunchScreen.storyboard in Resources */,
				00C969092A5EB2E6000237F1 /* Assets.xcassets in Resources */,
				005643052A60639C001B0265 /* GoogleService-Info.plist in Resources */,
			);
			runOnlyForDeploymentPostprocessing = 0;
		};
/* End PBXResourcesBuildPhase section */

/* Begin PBXShellScriptBuildPhase section */
		176985125193B582D9D5B249 /* [CP] Embed Pods Frameworks */ = {
			isa = PBXShellScriptBuildPhase;
			buildActionMask = 2147483647;
			files = (
			);
			inputFileListPaths = (
				"${PODS_ROOT}/Target Support Files/Pods-Sueta/Pods-Sueta-frameworks-${CONFIGURATION}-input-files.xcfilelist",
			);
			name = "[CP] Embed Pods Frameworks";
			outputFileListPaths = (
				"${PODS_ROOT}/Target Support Files/Pods-Sueta/Pods-Sueta-frameworks-${CONFIGURATION}-output-files.xcfilelist",
			);
			runOnlyForDeploymentPostprocessing = 0;
			shellPath = /bin/sh;
			shellScript = "\"${PODS_ROOT}/Target Support Files/Pods-Sueta/Pods-Sueta-frameworks.sh\"\n";
			showEnvVarsInLog = 0;
		};
		70B1776F6194D1A02221E7CE /* [CP] Check Pods Manifest.lock */ = {
			isa = PBXShellScriptBuildPhase;
			buildActionMask = 2147483647;
			files = (
			);
			inputFileListPaths = (
			);
			inputPaths = (
				"${PODS_PODFILE_DIR_PATH}/Podfile.lock",
				"${PODS_ROOT}/Manifest.lock",
			);
			name = "[CP] Check Pods Manifest.lock";
			outputFileListPaths = (
			);
			outputPaths = (
				"$(DERIVED_FILE_DIR)/Pods-Sueta-checkManifestLockResult.txt",
			);
			runOnlyForDeploymentPostprocessing = 0;
			shellPath = /bin/sh;
			shellScript = "diff \"${PODS_PODFILE_DIR_PATH}/Podfile.lock\" \"${PODS_ROOT}/Manifest.lock\" > /dev/null\nif [ $? != 0 ] ; then\n    # print error to STDERR\n    echo \"error: The sandbox is not in sync with the Podfile.lock. Run 'pod install' or update your CocoaPods installation.\" >&2\n    exit 1\nfi\n# This output is used by Xcode 'outputs' to avoid re-running this script phase.\necho \"SUCCESS\" > \"${SCRIPT_OUTPUT_FILE_0}\"\n";
			showEnvVarsInLog = 0;
		};
/* End PBXShellScriptBuildPhase section */

/* Begin PBXSourcesBuildPhase section */
		00C968F82A5EB2E5000237F1 /* Sources */ = {
			isa = PBXSourcesBuildPhase;
			buildActionMask = 2147483647;
			files = (
				0055A2C32A5EE60200153C03 /* Event.swift in Sources */,
				0055A2C02A5EE4FD00153C03 /* MainViewModel.swift in Sources */,
				0056430D2A606EF3001B0265 /* NewEventViewController.swift in Sources */,
				00300C362A670F2F00B32911 /* CustomAnnotation.swift in Sources */,
				00C9691E2A5EB7F7000237F1 /* ProfileViewController.swift in Sources */,
				00C969002A5EB2E5000237F1 /* AppDelegate.swift in Sources */,
				C3E771A52A607482002A17C9 /* EventCell.swift in Sources */,
				00E1D5FB2A61A973001722A9 /* SignInView.swift in Sources */,
				005643082A606488001B0265 /* FirebaseHelper.swift in Sources */,
				00E1D5F72A619EC4001722A9 /* AuthViewController.swift in Sources */,
				C3E771A42A607482002A17C9 /* EventListTableController.swift in Sources */,
				00C9691C2A5EB7CE000237F1 /* EventsListViewController.swift in Sources */,
				00310FDB2A69450200F5C81D /* JoinedEventsViewController.swift in Sources */,
				00C969022A5EB2E5000237F1 /* SceneDelegate.swift in Sources */,
				00C969152A5EB3F1000237F1 /* MapViewController.swift in Sources */,
				00FBE8022A6A8F800017DBE4 /* SharedData.swift in Sources */,
				00E1D5F92A61A813001722A9 /* SignUpView.swift in Sources */,
				0056430A2A6068CB001B0265 /* User.swift in Sources */,
				00C969182A5EB70C000237F1 /* MainViewController.swift in Sources */,
				C3E771AD2A61AB52002A17C9 /* SingleEventViewController.swift in Sources */,
				C3E771A92A60853E002A17C9 /* UIView+Anchor.swift in Sources */,
			);
			runOnlyForDeploymentPostprocessing = 0;
		};
/* End PBXSourcesBuildPhase section */

/* Begin PBXVariantGroup section */
		00C9690A2A5EB2E6000237F1 /* LaunchScreen.storyboard */ = {
			isa = PBXVariantGroup;
			children = (
				00C9690B2A5EB2E6000237F1 /* Base */,
			);
			name = LaunchScreen.storyboard;
			sourceTree = "<group>";
		};
/* End PBXVariantGroup section */

/* Begin XCBuildConfiguration section */
		00C9690E2A5EB2E6000237F1 /* Debug */ = {
			isa = XCBuildConfiguration;
			buildSettings = {
				ALWAYS_SEARCH_USER_PATHS = NO;
				CLANG_ANALYZER_NONNULL = YES;
				CLANG_ANALYZER_NUMBER_OBJECT_CONVERSION = YES_AGGRESSIVE;
				CLANG_CXX_LANGUAGE_STANDARD = "gnu++20";
				CLANG_ENABLE_MODULES = YES;
				CLANG_ENABLE_OBJC_ARC = YES;
				CLANG_ENABLE_OBJC_WEAK = YES;
				CLANG_WARN_BLOCK_CAPTURE_AUTORELEASING = YES;
				CLANG_WARN_BOOL_CONVERSION = YES;
				CLANG_WARN_COMMA = YES;
				CLANG_WARN_CONSTANT_CONVERSION = YES;
				CLANG_WARN_DEPRECATED_OBJC_IMPLEMENTATIONS = YES;
				CLANG_WARN_DIRECT_OBJC_ISA_USAGE = YES_ERROR;
				CLANG_WARN_DOCUMENTATION_COMMENTS = YES;
				CLANG_WARN_EMPTY_BODY = YES;
				CLANG_WARN_ENUM_CONVERSION = YES;
				CLANG_WARN_INFINITE_RECURSION = YES;
				CLANG_WARN_INT_CONVERSION = YES;
				CLANG_WARN_NON_LITERAL_NULL_CONVERSION = YES;
				CLANG_WARN_OBJC_IMPLICIT_RETAIN_SELF = YES;
				CLANG_WARN_OBJC_LITERAL_CONVERSION = YES;
				CLANG_WARN_OBJC_ROOT_CLASS = YES_ERROR;
				CLANG_WARN_QUOTED_INCLUDE_IN_FRAMEWORK_HEADER = YES;
				CLANG_WARN_RANGE_LOOP_ANALYSIS = YES;
				CLANG_WARN_STRICT_PROTOTYPES = YES;
				CLANG_WARN_SUSPICIOUS_MOVE = YES;
				CLANG_WARN_UNGUARDED_AVAILABILITY = YES_AGGRESSIVE;
				CLANG_WARN_UNREACHABLE_CODE = YES;
				CLANG_WARN__DUPLICATE_METHOD_MATCH = YES;
				COPY_PHASE_STRIP = NO;
				DEBUG_INFORMATION_FORMAT = dwarf;
				ENABLE_STRICT_OBJC_MSGSEND = YES;
				ENABLE_TESTABILITY = YES;
				GCC_C_LANGUAGE_STANDARD = gnu11;
				GCC_DYNAMIC_NO_PIC = NO;
				GCC_NO_COMMON_BLOCKS = YES;
				GCC_OPTIMIZATION_LEVEL = 0;
				GCC_PREPROCESSOR_DEFINITIONS = (
					"DEBUG=1",
					"$(inherited)",
				);
				GCC_WARN_64_TO_32_BIT_CONVERSION = YES;
				GCC_WARN_ABOUT_RETURN_TYPE = YES_ERROR;
				GCC_WARN_UNDECLARED_SELECTOR = YES;
				GCC_WARN_UNINITIALIZED_AUTOS = YES_AGGRESSIVE;
				GCC_WARN_UNUSED_FUNCTION = YES;
				GCC_WARN_UNUSED_VARIABLE = YES;
				IPHONEOS_DEPLOYMENT_TARGET = 16.4;
				MTL_ENABLE_DEBUG_INFO = INCLUDE_SOURCE;
				MTL_FAST_MATH = YES;
				ONLY_ACTIVE_ARCH = YES;
				SDKROOT = iphoneos;
				SWIFT_ACTIVE_COMPILATION_CONDITIONS = DEBUG;
				SWIFT_OPTIMIZATION_LEVEL = "-Onone";
			};
			name = Debug;
		};
		00C9690F2A5EB2E6000237F1 /* Release */ = {
			isa = XCBuildConfiguration;
			buildSettings = {
				ALWAYS_SEARCH_USER_PATHS = NO;
				CLANG_ANALYZER_NONNULL = YES;
				CLANG_ANALYZER_NUMBER_OBJECT_CONVERSION = YES_AGGRESSIVE;
				CLANG_CXX_LANGUAGE_STANDARD = "gnu++20";
				CLANG_ENABLE_MODULES = YES;
				CLANG_ENABLE_OBJC_ARC = YES;
				CLANG_ENABLE_OBJC_WEAK = YES;
				CLANG_WARN_BLOCK_CAPTURE_AUTORELEASING = YES;
				CLANG_WARN_BOOL_CONVERSION = YES;
				CLANG_WARN_COMMA = YES;
				CLANG_WARN_CONSTANT_CONVERSION = YES;
				CLANG_WARN_DEPRECATED_OBJC_IMPLEMENTATIONS = YES;
				CLANG_WARN_DIRECT_OBJC_ISA_USAGE = YES_ERROR;
				CLANG_WARN_DOCUMENTATION_COMMENTS = YES;
				CLANG_WARN_EMPTY_BODY = YES;
				CLANG_WARN_ENUM_CONVERSION = YES;
				CLANG_WARN_INFINITE_RECURSION = YES;
				CLANG_WARN_INT_CONVERSION = YES;
				CLANG_WARN_NON_LITERAL_NULL_CONVERSION = YES;
				CLANG_WARN_OBJC_IMPLICIT_RETAIN_SELF = YES;
				CLANG_WARN_OBJC_LITERAL_CONVERSION = YES;
				CLANG_WARN_OBJC_ROOT_CLASS = YES_ERROR;
				CLANG_WARN_QUOTED_INCLUDE_IN_FRAMEWORK_HEADER = YES;
				CLANG_WARN_RANGE_LOOP_ANALYSIS = YES;
				CLANG_WARN_STRICT_PROTOTYPES = YES;
				CLANG_WARN_SUSPICIOUS_MOVE = YES;
				CLANG_WARN_UNGUARDED_AVAILABILITY = YES_AGGRESSIVE;
				CLANG_WARN_UNREACHABLE_CODE = YES;
				CLANG_WARN__DUPLICATE_METHOD_MATCH = YES;
				COPY_PHASE_STRIP = NO;
				DEBUG_INFORMATION_FORMAT = "dwarf-with-dsym";
				ENABLE_NS_ASSERTIONS = NO;
				ENABLE_STRICT_OBJC_MSGSEND = YES;
				GCC_C_LANGUAGE_STANDARD = gnu11;
				GCC_NO_COMMON_BLOCKS = YES;
				GCC_WARN_64_TO_32_BIT_CONVERSION = YES;
				GCC_WARN_ABOUT_RETURN_TYPE = YES_ERROR;
				GCC_WARN_UNDECLARED_SELECTOR = YES;
				GCC_WARN_UNINITIALIZED_AUTOS = YES_AGGRESSIVE;
				GCC_WARN_UNUSED_FUNCTION = YES;
				GCC_WARN_UNUSED_VARIABLE = YES;
				IPHONEOS_DEPLOYMENT_TARGET = 16.4;
				MTL_ENABLE_DEBUG_INFO = NO;
				MTL_FAST_MATH = YES;
				SDKROOT = iphoneos;
				SWIFT_COMPILATION_MODE = wholemodule;
				SWIFT_OPTIMIZATION_LEVEL = "-O";
				VALIDATE_PRODUCT = YES;
			};
			name = Release;
		};
		00C969112A5EB2E6000237F1 /* Debug */ = {
			isa = XCBuildConfiguration;
			baseConfigurationReference = C372DEF583BA0D6B393CD6F0 /* Pods-Sueta.debug.xcconfig */;
			buildSettings = {
				ASSETCATALOG_COMPILER_APPICON_NAME = AppIcon;
				ASSETCATALOG_COMPILER_GLOBAL_ACCENT_COLOR_NAME = AccentColor;
				CODE_SIGN_STYLE = Automatic;
				CURRENT_PROJECT_VERSION = 1;
				GENERATE_INFOPLIST_FILE = YES;
				INFOPLIST_FILE = Sueta/Info.plist;
				INFOPLIST_KEY_UIApplicationSupportsIndirectInputEvents = YES;
				INFOPLIST_KEY_UILaunchStoryboardName = LaunchScreen;
				INFOPLIST_KEY_UISupportedInterfaceOrientations_iPad = "UIInterfaceOrientationPortrait UIInterfaceOrientationPortraitUpsideDown UIInterfaceOrientationLandscapeLeft UIInterfaceOrientationLandscapeRight";
				INFOPLIST_KEY_UISupportedInterfaceOrientations_iPhone = "UIInterfaceOrientationPortrait UIInterfaceOrientationLandscapeLeft UIInterfaceOrientationLandscapeRight";
				IPHONEOS_DEPLOYMENT_TARGET = 13.0;
				LD_RUNPATH_SEARCH_PATHS = (
					"$(inherited)",
					"@executable_path/Frameworks",
				);
				MARKETING_VERSION = 1.0;
				PRODUCT_BUNDLE_IDENTIFIER = ru.ndevelop.Sueta;
				PRODUCT_NAME = "$(TARGET_NAME)";
				SWIFT_EMIT_LOC_STRINGS = YES;
				SWIFT_VERSION = 5.0;
				TARGETED_DEVICE_FAMILY = "1,2";
			};
			name = Debug;
		};
		00C969122A5EB2E6000237F1 /* Release */ = {
			isa = XCBuildConfiguration;
			baseConfigurationReference = 76B0FE0FCCF903AD67AF51B5 /* Pods-Sueta.release.xcconfig */;
			buildSettings = {
				ASSETCATALOG_COMPILER_APPICON_NAME = AppIcon;
				ASSETCATALOG_COMPILER_GLOBAL_ACCENT_COLOR_NAME = AccentColor;
				CODE_SIGN_STYLE = Automatic;
				CURRENT_PROJECT_VERSION = 1;
				GENERATE_INFOPLIST_FILE = YES;
				INFOPLIST_FILE = Sueta/Info.plist;
				INFOPLIST_KEY_UIApplicationSupportsIndirectInputEvents = YES;
				INFOPLIST_KEY_UILaunchStoryboardName = LaunchScreen;
				INFOPLIST_KEY_UISupportedInterfaceOrientations_iPad = "UIInterfaceOrientationPortrait UIInterfaceOrientationPortraitUpsideDown UIInterfaceOrientationLandscapeLeft UIInterfaceOrientationLandscapeRight";
				INFOPLIST_KEY_UISupportedInterfaceOrientations_iPhone = "UIInterfaceOrientationPortrait UIInterfaceOrientationLandscapeLeft UIInterfaceOrientationLandscapeRight";
				IPHONEOS_DEPLOYMENT_TARGET = 13.0;
				LD_RUNPATH_SEARCH_PATHS = (
					"$(inherited)",
					"@executable_path/Frameworks",
				);
				MARKETING_VERSION = 1.0;
				PRODUCT_BUNDLE_IDENTIFIER = ru.ndevelop.Sueta;
				PRODUCT_NAME = "$(TARGET_NAME)";
				SWIFT_EMIT_LOC_STRINGS = YES;
				SWIFT_VERSION = 5.0;
				TARGETED_DEVICE_FAMILY = "1,2";
			};
			name = Release;
		};
/* End XCBuildConfiguration section */

/* Begin XCConfigurationList section */
		00C968F72A5EB2E5000237F1 /* Build configuration list for PBXProject "Sueta" */ = {
			isa = XCConfigurationList;
			buildConfigurations = (
				00C9690E2A5EB2E6000237F1 /* Debug */,
				00C9690F2A5EB2E6000237F1 /* Release */,
			);
			defaultConfigurationIsVisible = 0;
			defaultConfigurationName = Release;
		};
		00C969102A5EB2E6000237F1 /* Build configuration list for PBXNativeTarget "Sueta" */ = {
			isa = XCConfigurationList;
			buildConfigurations = (
				00C969112A5EB2E6000237F1 /* Debug */,
				00C969122A5EB2E6000237F1 /* Release */,
			);
			defaultConfigurationIsVisible = 0;
			defaultConfigurationName = Release;
		};
/* End XCConfigurationList section */
	};
	rootObject = 00C968F42A5EB2E5000237F1 /* Project object */;
}
